
Microsoft Visual Studio Solution File, Format Version 12.00
# Visual Studio Version 16
VisualStudioVersion = 16.0.29306.81
MinimumVisualStudioVersion = 10.0.40219.1
Project("{FAE04EC0-301F-11D3-BF4B-00C04F79EFBC}") = "GymApp.Model", "GymApp.Model\GymApp.Model.csproj", "{C26E0EA1-4F50-43FD-A134-151F00E0A6AE}"
EndProject
Project("{FAE04EC0-301F-11D3-BF4B-00C04F79EFBC}") = "GymApp.Repository", "GymApp.Repository\GymApp.Repository.csproj", "{0936D50F-912F-4396-BFD1-2F0724AC7360}"
EndProject
Project("{FAE04EC0-301F-11D3-BF4B-00C04F79EFBC}") = "GymApp.Service", "GymApp.Service\GymApp.Service.csproj", "{2E726CB8-061E-4314-90FD-C0A7CAC23514}"
EndProject
Project("{FAE04EC0-301F-11D3-BF4B-00C04F79EFBC}") = "GymApp.Website", "GymApp\GymApp.Website.csproj", "{5BEB1A76-CF15-4F14-82BC-45D076FD0C64}"
EndProject
Project("{FAE04EC0-301F-11D3-BF4B-00C04F79EFBC}") = "GymApp.Common", "GymApp.Common\GymApp.Common.csproj", "{0EE2ADC7-F226-4654-A95F-BB0068771DED}"
EndProject
Global
	GlobalSection(SolutionConfigurationPlatforms) = preSolution
		Debug|Any CPU = Debug|Any CPU
		Release|Any CPU = Release|Any CPU
	EndGlobalSection
	GlobalSection(ProjectConfigurationPlatforms) = postSolution
		{C26E0EA1-4F50-43FD-A134-151F00E0A6AE}.Debug|Any CPU.ActiveCfg = Debug|Any CPU
		{C26E0EA1-4F50-43FD-A134-151F00E0A6AE}.Debug|Any CPU.Build.0 = Debug|Any CPU
		{C26E0EA1-4F50-43FD-A134-151F00E0A6AE}.Release|Any CPU.ActiveCfg = Release|Any CPU
		{C26E0EA1-4F50-43FD-A134-151F00E0A6AE}.Release|Any CPU.Build.0 = Release|Any CPU
		{0936D50F-912F-4396-BFD1-2F0724AC7360}.Debug|Any CPU.ActiveCfg = Debug|Any CPU
		{0936D50F-912F-4396-BFD1-2F0724AC7360}.Debug|Any CPU.Build.0 = Debug|Any CPU
		{0936D50F-912F-4396-BFD1-2F0724AC7360}.Release|Any CPU.ActiveCfg = Release|Any CPU
		{0936D50F-912F-4396-BFD1-2F0724AC7360}.Release|Any CPU.Build.0 = Release|Any CPU
		{2E726CB8-061E-4314-90FD-C0A7CAC23514}.Debug|Any CPU.ActiveCfg = Debug|Any CPU
		{2E726CB8-061E-4314-90FD-C0A7CAC23514}.Debug|Any CPU.Build.0 = Debug|Any CPU
		{2E726CB8-061E-4314-90FD-C0A7CAC23514}.Release|Any CPU.ActiveCfg = Release|Any CPU
		{2E726CB8-061E-4314-90FD-C0A7CAC23514}.Release|Any CPU.Build.0 = Release|Any CPU
		{5BEB1A76-CF15-4F14-82BC-45D076FD0C64}.Debug|Any CPU.ActiveCfg = Debug|Any CPU
		{5BEB1A76-CF15-4F14-82BC-45D076FD0C64}.Debug|Any CPU.Build.0 = Debug|Any CPU
		{5BEB1A76-CF15-4F14-82BC-45D076FD0C64}.Release|Any CPU.ActiveCfg = Release|Any CPU
		{5BEB1A76-CF15-4F14-82BC-45D076FD0C64}.Release|Any CPU.Build.0 = Release|Any CPU
		{0EE2ADC7-F226-4654-A95F-BB0068771DED}.Debug|Any CPU.ActiveCfg = Debug|Any CPU
		{0EE2ADC7-F226-4654-A95F-BB0068771DED}.Debug|Any CPU.Build.0 = Debug|Any CPU
		{0EE2ADC7-F226-4654-A95F-BB0068771DED}.Release|Any CPU.ActiveCfg = Release|Any CPU
		{0EE2ADC7-F226-4654-A95F-BB0068771DED}.Release|Any CPU.Build.0 = Release|Any CPU
	EndGlobalSection
	GlobalSection(SolutionProperties) = preSolution
		HideSolutionNode = FALSE
	EndGlobalSection
	GlobalSection(ExtensibilityGlobals) = postSolution
		SolutionGuid = {61D65DE5-DC4E-499C-B8A8-703AA3D7BFA5}
	EndGlobalSection
EndGlobal
